<?xml version="1.0" encoding="utf-8"?>
<Project ToolsVersion="4.0" xmlns:atg="http://atg.xbox.com" xmlns="http://schemas.microsoft.com/developer/msbuild/2003">
  <ItemGroup>
    <Filter Include="Resource Files">
      <UniqueIdentifier>{8e114980-c1a3-4ada-ad7c-83caadf5daeb}</UniqueIdentifier>
      <Extensions>rc;ico;cur;bmp;dlg;rc2;rct;bin;rgs;gif;jpg;jpeg;jpe</Extensions>
    </Filter>
    <Filter Include="Shaders">
      <UniqueIdentifier>{2c3d4c8c-5d1a-459a-a05a-a4e4b608a44e}</UniqueIdentifier>
      <Extensions>fx;fxh;hlsl</Extensions>
    </Filter>
  </ItemGroup>
  <ItemGroup>
    <ClInclude Include="Application.h" />
    <ClInclude Include="Texture2D.h" />
    <ClInclude Include="Shader.h" />
    <ClInclude Include="ConstantBuffers.h" />
    <ClInclude Include="Mesh.h" />
    <ClInclude Include="VertexTypes.h" />
    <ClInclude Include="ObjLoader.h" />
    <ClInclude Include="MaterialLibaryLoader.h" />
    <ClInclude Include="SceneObject.h" />
    <ClInclude Include="DDSTextureLoader.h" />
    <ClInclude Include="IDrawable.h" />
    <ClInclude Include="CubeObject.h" />
    <ClInclude Include="MeshComponent.h" />
    <ClInclude Include="CameraObject.h" />
    <ClInclude Include="PyrimidObject.h" />
    <ClInclude Include="PlaneObject.h" />
    <ClInclude Include="CarBaseObject.h" />
    <ClInclude Include="InputManager.h" />
    <ClInclude Include="LinkedList.h" />
    <ClInclude Include="Buffers.h" />
    <ClInclude Include="SkyMapObject.h" />
    <ClInclude Include="CrateObject.h" />
    <ClInclude Include="GoalObject.h" />
    <ClInclude Include="WallObject.h" />
    <ClInclude Include="CurvedEdgeObject.h" />
    <ClInclude Include="BillboardObject.h" />
    <ClInclude Include="XMLReader.h" />
    <ClInclude Include="ShadowMap.h" />
    <ClInclude Include="GrassObject.h" />
    <ClInclude Include="BallObject.h" />
    <ClInclude Include="Utils\SystemTypes.h" />
    <ClInclude Include="Utils\Maths\MathsUtils.h" />
    <ClInclude Include="Utils\Maths\Vector2D.h" />
    <ClInclude Include="Utils\globals.h" />
    <ClInclude Include="Utils\Singleton.h" />
    <ClInclude Include="System\Graphics\Graphics.h" />
    <ClInclude Include="System\Window\Window.h" />
    <ClInclude Include="System\System.h" />
    <ClInclude Include="SceneObject\SceneObject.h" />
    <ClInclude Include="SceneObject\Object.h" />
    <ClInclude Include="SceneManagement\SceneManager\SceneManager.h" />
    <ClInclude Include="SceneManagement\Scene\Scene.h" />
    <ClInclude Include="Resource\Resource.h" />
    <ClInclude Include="Resource\Managers\ResourceManager.h" />
    <ClInclude Include="Utils\LinkedLists\SceneGraph.h" />
    <ClInclude Include="File_IO\ScemeFileIO.h" />
    <ClInclude Include="File_IO\ComponentTypes.h" />
    <ClInclude Include="File_IO\FileParser.h" />
    <ClInclude Include="File_IO\JsonUtils.h" />
    <ClInclude Include="File_IO\DirectoryService.h" />
    <ClInclude Include="File_IO\FileHandlers\SceneFileHandler.h" />
    <ClInclude Include="File_IO\FileHandlers\FileHandler.h" />
    <ClInclude Include="Object\Components\Component.h" />
    <ClInclude Include="Object\Components\ComponentList.h" />
    <ClInclude Include="Object\Components\Transform.h" />
    <ClInclude Include="File_IO\Serialising\Serialiseable.h" />
    <ClInclude Include="Utils\Maths\Vector3D.h" />
    <ClInclude Include="Utils\Maths\Quaternion.h" />
    <ClInclude Include="Utils\Managers\Manager.h" />
    <ClInclude Include="Utils\LinkedLists\LinkedLists.h" />
    <ClInclude Include="Utils\LinkedLists\DoubleLinkedList.h" />
    <ClInclude Include="Utils\Factorys\Factory.h" />
    <ClInclude Include="Resource\Factories\ResourceFactory.h" />
    <ClInclude Include="Object\GameObject\GameObject.h" />
    <ClInclude Include="System\Graphics\Shader.h" />
    <ClInclude Include="System\Graphics\ShaderManager.h" />
    <ClInclude Include="System\Graphics\Textures\Texture2D.h" />
    <ClInclude Include="Resource\Mesh\StaticMesh.h" />
    <ClInclude Include="Resource\Textures\Texture2D.h" />
    <ClInclude Include="Resource\Textures\Texture2DFactory.h" />
    <ClInclude Include="Resource\Mesh\Mesh.h" />
    <ClInclude Include="Resource\Mesh\StaticMeshFactory.h" />
    <ClInclude Include="Resource\Materials\Material.h" />
    <ClInclude Include="Resource\Materials\MaterialFactory.h" />
    <ClInclude Include="Resource\ResourceTypes.h" />
    <ClInclude Include="Object\Components\Renderer\MeshRenderer.h" />
    <ClInclude Include="Object\Components\Renderer\RendererComponent.h" />
    <ClInclude Include="File_IO\FileReaders\FileReader.h" />
    <ClInclude Include="File_IO\FileReaders\Mesh\ObjReader.h" />
    <ClInclude Include="File_IO\FileReaders\Mesh\FbxReader.h" />
    <ClInclude Include="File_IO\FileReaders\Mesh\3dsReader.h" />
    <ClInclude Include="File_IO\FileReaders\Image\TgaReader.h" />
    <ClInclude Include="System\Graphics\DrawingMethods\BaseShading\BaseShading.h" />
    <ClInclude Include="System\Graphics\DrawingMethods\ShadowTechniques\ShadowMapping.h" />
    <ClInclude Include="System\Graphics\Views\ShaderResourceViews\ShaderResourceView.h" />
    <ClInclude Include="System\Graphics\Views\RenderTargetViews\RenderTargetView.h" />
    <ClInclude Include="System\Graphics\VertexLayouts\ScreenSpaceVertex.h" />
    <ClInclude Include="System\Graphics\VertexLayouts\BaseVertex.h" />
    <ClInclude Include="System\Graphics\ShaderGlobals\ResourceBindings.h" />
    <ClInclude Include="System\Graphics\ShaderGlobals\ConstantBuffers.h" />
    <ClInclude Include="System\Graphics\ShaderGroup.h" />
    <ClInclude Include="Utils\String\StringUtils.h" />
    <ClInclude Include="System\Graphics\ShaderGlobals\Lighting.h" />
    <ClInclude Include="OldShaderManager.h" />
    <ClInclude Include="System\Graphics\DrawingMethods\FinalRender\FinalRender.h" />
    <ClInclude Include="SceneManagement\SceneManager.h" />
    <ClInclude Include="Resource\Scene\Scene.h" />
    <ClInclude Include="Resource\Scene\SceneFactory.h" />
  </ItemGroup>
  <ItemGroup>
    <ClCompile Include="Application.cpp" />
    <ClCompile Include="Texture2D.cpp" />
    <ClCompile Include="Shader.cpp" />
    <ClCompile Include="ObjLoader.cpp" />
    <ClCompile Include="MaterialLibaryLoader.cpp" />
    <ClCompile Include="DDSTextureLoader.cpp" />
    <ClCompile Include="CubeObject.cpp" />
    <ClCompile Include="MeshComponent.cpp" />
    <ClCompile Include="CameraObject.cpp" />
    <ClCompile Include="PyrimidObject.cpp" />
    <ClCompile Include="PlaneObject.cpp" />
    <ClCompile Include="CarBaseObject.cpp" />
    <ClCompile Include="InputManager.cpp" />
    <ClCompile Include="SceneObject.cpp" />
    <ClCompile Include="SkyMapObject.cpp" />
    <ClCompile Include="CrateObject.cpp" />
    <ClCompile Include="GoalObject.cpp" />
    <ClCompile Include="WallObject.cpp" />
    <ClCompile Include="CurvedEdgeObject.cpp" />
    <ClCompile Include="BillboardObject.cpp" />
    <ClCompile Include="XMLReader.cpp" />
    <ClCompile Include="ShadowMap.cpp" />
    <ClCompile Include="GrassObject.cpp" />
    <ClCompile Include="BallObject.cpp" />
    <ClCompile Include="System\Graphics\Graphics.cpp" />
    <ClCompile Include="System\Window\Window.cpp" />
    <ClCompile Include="Utils\Maths\Vector2D.cpp" />
    <ClCompile Include="Main.cpp" />
    <ClCompile Include="Utils\globalscpp.cpp" />
    <ClCompile Include="Resource\Managers\ResourceManager.cpp" />
    <ClCompile Include="File_IO\FileParser.cpp" />
    <ClCompile Include="Resource\Resource.cpp" />
    <ClCompile Include="File_IO\JsonUtils.cpp" />
    <ClCompile Include="File_IO\DirectoryService.cpp" />
    <ClCompile Include="File_IO\FileHandlers\SceneFileHandler.cpp" />
    <ClCompile Include="Object\Components\Transform.cpp" />
    <ClCompile Include="Object\GameObject\GameObject.cpp" />
    <ClCompile Include="Utils\Maths\Vector3D.cpp" />
    <ClCompile Include="System\Graphics\ShaderManager.cpp" />
    <ClCompile Include="Resource\Textures\Texture2DFactory.cpp" />
    <ClCompile Include="Resource\Mesh\StaticMeshFactory.cpp" />
    <ClCompile Include="Object\Components\Renderer\MeshRenderer.cpp" />
    <ClCompile Include="System\Graphics\DrawingMethods\BaseShading\BaseShading.cpp" />
    <ClCompile Include="System\Graphics\DrawingMethods\ShadowTechniques\ShadowMapping.cpp" />
    <ClCompile Include="System\Graphics\Views\ShaderResourceViews\ShaderResourceView.cpp" />
    <ClCompile Include="System\Graphics\Views\RenderTargetViews\RenderTargetView.cpp" />
    <ClCompile Include="OldShaderManager.cpp" />
    <ClCompile Include="Object\Components\Renderer\RendererComponent.cpp" />
    <ClCompile Include="Resource\Mesh\Mesh.cpp" />
    <ClCompile Include="Resource\Materials\MaterialFactory.cpp" />
    <ClCompile Include="System\Graphics\DrawingMethods\FinalRender\FinalRender.cpp" />
    <ClCompile Include="SceneManagement\SceneManager.cpp" />
    <ClCompile Include="Resource\Scene\SceneFactory.cpp" />
  </ItemGroup>
  <ItemGroup>
    <CLInclude Include="resource.h">
      <Filter>Resource Files</Filter>
    </CLInclude>
  </ItemGroup>
  <ItemGroup>
    <ResourceCompile Include="DX11 Framework.rc">
      <Filter>Resource Files</Filter>
    </ResourceCompile>
  </ItemGroup>
  <ItemGroup>
    <FxCompile Include="DX11 Framework.fx">
      <Filter>Shaders</Filter>
    </FxCompile>
    <FxCompile Include="BrightnessMapping.fx">
      <Filter>Shaders</Filter>
    </FxCompile>
    <FxCompile Include="Bloom.fx">
      <Filter>Shaders</Filter>
    </FxCompile>
    <FxCompile Include="CubeMap.fx">
      <Filter>Shaders</Filter>
    </FxCompile>
    <FxCompile Include="skymap.fx">
      <Filter>Shaders</Filter>
    </FxCompile>
    <FxCompile Include="RenderToScene.fx">
      <Filter>Shaders</Filter>
    </FxCompile>
    <FxCompile Include="BillboardGS.fx">
      <Filter>Shaders</Filter>
    </FxCompile>
    <FxCompile Include="ShadowMapping.fx">
      <Filter>Shaders</Filter>
    </FxCompile>
    <FxCompile Include="GrassGS.fx">
      <Filter>Shaders</Filter>
    </FxCompile>
    <FxCompile Include="LightHelper.fx">
      <Filter>Shaders</Filter>
    </FxCompile>
  </ItemGroup>
  <ItemGroup>
    <None Include="Blur.fx">
      <Filter>Shaders</Filter>
    </None>
    <None Include="ClassDiagram1.cd" />
    <None Include="ClassDiagram11.cd" />
  </ItemGroup>
</Project>